// !$*UTF8*$!
{
	archiveVersion = 1;
	classes = {
	};
	objectVersion = 77;
	objects = {

/* Begin PBXContainerItemProxy section */
		5CB652D92CF7A81D008680CC /* PBXContainerItemProxy */ = {
			isa = PBXContainerItemProxy;
			containerPortal = 5CB652BA2CF7A81A008680CC /* Project object */;
			proxyType = 1;
			remoteGlobalIDString = 5CB652C12CF7A81A008680CC;
			remoteInfo = "Sat Lav - Public Toilet Finder";
		};
		5CB652E32CF7A81D008680CC /* PBXContainerItemProxy */ = {
			isa = PBXContainerItemProxy;
			containerPortal = 5CB652BA2CF7A81A008680CC /* Project object */;
			proxyType = 1;
			remoteGlobalIDString = 5CB652C12CF7A81A008680CC;
			remoteInfo = "Sat Lav - Public Toilet Finder";
		};
/* End PBXContainerItemProxy section */

/* Begin PBXFileReference section */
		5CB652C22CF7A81A008680CC /* Sat Lav - Public Toilet Finder.app */ = {isa = PBXFileReference; explicitFileType = wrapper.application; includeInIndex = 0; path = "Sat Lav - Public Toilet Finder.app"; sourceTree = BUILT_PRODUCTS_DIR; };
		5CB652D82CF7A81D008680CC /* Sat Lav - Public Toilet FinderTests.xctest */ = {isa = PBXFileReference; explicitFileType = wrapper.cfbundle; includeInIndex = 0; path = "Sat Lav - Public Toilet FinderTests.xctest"; sourceTree = BUILT_PRODUCTS_DIR; };
		5CB652E22CF7A81D008680CC /* Sat Lav - Public Toilet FinderUITests.xctest */ = {isa = PBXFileReference; explicitFileType = wrapper.cfbundle; includeInIndex = 0; path = "Sat Lav - Public Toilet FinderUITests.xctest"; sourceTree = BUILT_PRODUCTS_DIR; };
/* End PBXFileReference section */

/* Begin PBXFileSystemSynchronizedBuildFileExceptionSet section */
		5CB652EA2CF7A81D008680CC /* Exceptions for "Sat Lav - Public Toilet Finder" folder in "Sat Lav - Public Toilet Finder" target */ = {
			isa = PBXFileSystemSynchronizedBuildFileExceptionSet;
			membershipExceptions = (
				Info.plist,
			);
			target = 5CB652C12CF7A81A008680CC /* Sat Lav - Public Toilet Finder */;
		};
/* End PBXFileSystemSynchronizedBuildFileExceptionSet section */

/* Begin PBXFileSystemSynchronizedRootGroup section */
		5CB652C42CF7A81A008680CC /* Sat Lav - Public Toilet Finder */ = {
			isa = PBXFileSystemSynchronizedRootGroup;
			exceptions = (
				5CB652EA2CF7A81D008680CC /* Exceptions for "Sat Lav - Public Toilet Finder" folder in "Sat Lav - Public Toilet Finder" target */,
			);
			path = "Sat Lav - Public Toilet Finder";
			sourceTree = "<group>";
		};
		5CB652DB2CF7A81D008680CC /* Sat Lav - Public Toilet FinderTests */ = {
			isa = PBXFileSystemSynchronizedRootGroup;
			path = "Sat Lav - Public Toilet FinderTests";
			sourceTree = "<group>";
		};
		5CB652E52CF7A81D008680CC /* Sat Lav - Public Toilet FinderUITests */ = {
			isa = PBXFileSystemSynchronizedRootGroup;
			path = "Sat Lav - Public Toilet FinderUITests";
			sourceTree = "<group>";
		};
/* End PBXFileSystemSynchronizedRootGroup section */

/* Begin PBXFrameworksBuildPhase section */
		5CB652BF2CF7A81A008680CC /* Frameworks */ = {
			isa = PBXFrameworksBuildPhase;
			buildActionMask = 2147483647;
			files = (
			);
			runOnlyForDeploymentPostprocessing = 0;
		};
		5CB652D52CF7A81D008680CC /* Frameworks */ = {
			isa = PBXFrameworksBuildPhase;
			buildActionMask = 2147483647;
			files = (
			);
			runOnlyForDeploymentPostprocessing = 0;
		};
		5CB652DF2CF7A81D008680CC /* Frameworks */ = {
			isa = PBXFrameworksBuildPhase;
			buildActionMask = 2147483647;
			files = (
			);
			runOnlyForDeploymentPostprocessing = 0;
		};
/* End PBXFrameworksBuildPhase section */

/* Begin PBXGroup section */
		5CB652B92CF7A81A008680CC = {
			isa = PBXGroup;
			children = (
				5CB652C42CF7A81A008680CC /* Sat Lav - Public Toilet Finder */,
				5CB652DB2CF7A81D008680CC /* Sat Lav - Public Toilet FinderTests */,
				5CB652E52CF7A81D008680CC /* Sat Lav - Public Toilet FinderUITests */,
				5CB652C32CF7A81A008680CC /* Products */,
			);
			sourceTree = "<group>";
		};
		5CB652C32CF7A81A008680CC /* Products */ = {
			isa = PBXGroup;
			children = (
				5CB652C22CF7A81A008680CC /* Sat Lav - Public Toilet Finder.app */,
				5CB652D82CF7A81D008680CC /* Sat Lav - Public Toilet FinderTests.xctest */,
				5CB652E22CF7A81D008680CC /* Sat Lav - Public Toilet FinderUITests.xctest */,
			);
			name = Products;
			sourceTree = "<group>";
		};
/* End PBXGroup section */

/* Begin PBXNativeTarget section */
		5CB652C12CF7A81A008680CC /* Sat Lav - Public Toilet Finder */ = {
			isa = PBXNativeTarget;
			buildConfigurationList = 5CB652EB2CF7A81D008680CC /* Build configuration list for PBXNativeTarget "Sat Lav - Public Toilet Finder" */;
			buildPhases = (
				5CB652BE2CF7A81A008680CC /* Sources */,
				5CB652BF2CF7A81A008680CC /* Frameworks */,
				5CB652C02CF7A81A008680CC /* Resources */,
			);
			buildRules = (
			);
			dependencies = (
			);
			fileSystemSynchronizedGroups = (
				5CB652C42CF7A81A008680CC /* Sat Lav - Public Toilet Finder */,
			);
			name = "Sat Lav - Public Toilet Finder";
			packageProductDependencies = (
			);
			productName = "Sat Lav - Public Toilet Finder";
			productReference = 5CB652C22CF7A81A008680CC /* Sat Lav - Public Toilet Finder.app */;
			productType = "com.apple.product-type.application";
		};
		5CB652D72CF7A81D008680CC /* Sat Lav - Public Toilet FinderTests */ = {
			isa = PBXNativeTarget;
			buildConfigurationList = 5CB652F02CF7A81D008680CC /* Build configuration list for PBXNativeTarget "Sat Lav - Public Toilet FinderTests" */;
			buildPhases = (
				5CB652D42CF7A81D008680CC /* Sources */,
				5CB652D52CF7A81D008680CC /* Frameworks */,
				5CB652D62CF7A81D008680CC /* Resources */,
			);
			buildRules = (
			);
			dependencies = (
				5CB652DA2CF7A81D008680CC /* PBXTargetDependency */,
			);
			fileSystemSynchronizedGroups = (
				5CB652DB2CF7A81D008680CC /* Sat Lav - Public Toilet FinderTests */,
			);
			name = "Sat Lav - Public Toilet FinderTests";
			packageProductDependencies = (
			);
			productName = "Sat Lav - Public Toilet FinderTests";
			productReference = 5CB652D82CF7A81D008680CC /* Sat Lav - Public Toilet FinderTests.xctest */;
			productType = "com.apple.product-type.bundle.unit-test";
		};
		5CB652E12CF7A81D008680CC /* Sat Lav - Public Toilet FinderUITests */ = {
			isa = PBXNativeTarget;
			buildConfigurationList = 5CB652F32CF7A81D008680CC /* Build configuration list for PBXNativeTarget "Sat Lav - Public Toilet FinderUITests" */;
			buildPhases = (
				5CB652DE2CF7A81D008680CC /* Sources */,
				5CB652DF2CF7A81D008680CC /* Frameworks */,
				5CB652E02CF7A81D008680CC /* Resources */,
			);
			buildRules = (
			);
			dependencies = (
				5CB652E42CF7A81D008680CC /* PBXTargetDependency */,
			);
			fileSystemSynchronizedGroups = (
				5CB652E52CF7A81D008680CC /* Sat Lav - Public Toilet FinderUITests */,
			);
			name = "Sat Lav - Public Toilet FinderUITests";
			packageProductDependencies = (
			);
			productName = "Sat Lav - Public Toilet FinderUITests";
			productReference = 5CB652E22CF7A81D008680CC /* Sat Lav - Public Toilet FinderUITests.xctest */;
			productType = "com.apple.product-type.bundle.ui-testing";
		};
/* End PBXNativeTarget section */

/* Begin PBXProject section */
		5CB652BA2CF7A81A008680CC /* Project object */ = {
			isa = PBXProject;
			attributes = {
				BuildIndependentTargetsInParallel = 1;
				LastSwiftUpdateCheck = 1610;
				LastUpgradeCheck = 1610;
				TargetAttributes = {
					5CB652C12CF7A81A008680CC = {
						CreatedOnToolsVersion = 16.1;
					};
					5CB652D72CF7A81D008680CC = {
						CreatedOnToolsVersion = 16.1;
						TestTargetID = 5CB652C12CF7A81A008680CC;
					};
					5CB652E12CF7A81D008680CC = {
						CreatedOnToolsVersion = 16.1;
						TestTargetID = 5CB652C12CF7A81A008680CC;
					};
				};
			};
			buildConfigurationList = 5CB652BD2CF7A81A008680CC /* Build configuration list for PBXProject "Sat Lav - Public Toilet Finder" */;
			developmentRegion = en;
			hasScannedForEncodings = 0;
			knownRegions = (
				en,
				Base,
			);
			mainGroup = 5CB652B92CF7A81A008680CC;
			minimizedProjectReferenceProxies = 1;
			preferredProjectObjectVersion = 77;
			productRefGroup = 5CB652C32CF7A81A008680CC /* Products */;
			projectDirPath = "";
			projectRoot = "";
			targets = (
				5CB652C12CF7A81A008680CC /* Sat Lav - Public Toilet Finder */,
				5CB652D72CF7A81D008680CC /* Sat Lav - Public Toilet FinderTests */,
				5CB652E12CF7A81D008680CC /* Sat Lav - Public Toilet FinderUITests */,
			);
		};
/* End PBXProject section */

/* Begin PBXResourcesBuildPhase section */
		5CB652C02CF7A81A008680CC /* Resources */ = {
			isa = PBXResourcesBuildPhase;
			buildActionMask = 2147483647;
			files = (
			);
			runOnlyForDeploymentPostprocessing = 0;
		};
		5CB652D62CF7A81D008680CC /* Resources */ = {
			isa = PBXResourcesBuildPhase;
			buildActionMask = 2147483647;
			files = (
			);
			runOnlyForDeploymentPostprocessing = 0;
		};
		5CB652E02CF7A81D008680CC /* Resources */ = {
			isa = PBXResourcesBuildPhase;
			buildActionMask = 2147483647;
			files = (
			);
			runOnlyForDeploymentPostprocessing = 0;
		};
/* End PBXResourcesBuildPhase section */

/* Begin PBXSourcesBuildPhase section */
		5CB652BE2CF7A81A008680CC /* Sources */ = {
			isa = PBXSourcesBuildPhase;
			buildActionMask = 2147483647;
			files = (
			);
			runOnlyForDeploymentPostprocessing = 0;
		};
		5CB652D42CF7A81D008680CC /* Sources */ = {
			isa = PBXSourcesBuildPhase;
			buildActionMask = 2147483647;
			files = (
			);
			runOnlyForDeploymentPostprocessing = 0;
		};
		5CB652DE2CF7A81D008680CC /* Sources */ = {
			isa = PBXSourcesBuildPhase;
			buildActionMask = 2147483647;
			files = (
			);
			runOnlyForDeploymentPostprocessing = 0;
		};
/* End PBXSourcesBuildPhase section */

/* Begin PBXTargetDependency section */
		5CB652DA2CF7A81D008680CC /* PBXTargetDependency */ = {
			isa = PBXTargetDependency;
			target = 5CB652C12CF7A81A008680CC /* Sat Lav - Public Toilet Finder */;
			targetProxy = 5CB652D92CF7A81D008680CC /* PBXContainerItemProxy */;
		};
		5CB652E42CF7A81D008680CC /* PBXTargetDependency */ = {
			isa = PBXTargetDependency;
			target = 5CB652C12CF7A81A008680CC /* Sat Lav - Public Toilet Finder */;
			targetProxy = 5CB652E32CF7A81D008680CC /* PBXContainerItemProxy */;
		};
/* End PBXTargetDependency section */

/* Begin XCBuildConfiguration section */
		5CB652EC2CF7A81D008680CC /* Debug */ = {
			isa = XCBuildConfiguration;
			buildSettings = {
				ASSETCATALOG_COMPILER_APPICON_NAME = AppIcon;
				ASSETCATALOG_COMPILER_GLOBAL_ACCENT_COLOR_NAME = AccentColor;
				CODE_SIGN_STYLE = Automatic;
				CURRENT_PROJECT_VERSION = 1;
				GENERATE_INFOPLIST_FILE = YES;
				INFOPLIST_FILE = "Sat Lav - Public Toilet Finder/Info.plist";
				INFOPLIST_KEY_UIApplicationSupportsIndirectInputEvents = YES;
				INFOPLIST_KEY_UILaunchStoryboardName = LaunchScreen;
				INFOPLIST_KEY_UIMainStoryboardFile = Main;
				INFOPLIST_KEY_UISupportedInterfaceOrientations_iPad = "UIInterfaceOrientationPortrait UIInterfaceOrientationPortraitUpsideDown UIInterfaceOrientationLandscapeLeft UIInterfaceOrientationLandscapeRight";
				INFOPLIST_KEY_UISupportedInterfaceOrientations_iPhone = "UIInterfaceOrientationPortrait UIInterfaceOrientationLandscapeLeft UIInterfaceOrientationLandscapeRight";
				LD_RUNPATH_SEARCH_PATHS = (
					"$(inherited)",
					"@executable_path/Frameworks",
				);
				MARKETING_VERSION = 1.0;
				PRODUCT_BUNDLE_IDENTIFIER = "com.martin.apps.Sat-Lav---Public-Toilet-Finder";
				PRODUCT_NAME = "$(TARGET_NAME)";
				SWIFT_EMIT_LOC_STRINGS = YES;
				SWIFT_VERSION = 5.0;
				TARGETED_DEVICE_FAMILY = "1,2";
			};
			name = Debug;
		};
		5CB652ED2CF7A81D008680CC /* Release */ = {
			isa = XCBuildConfiguration;
			buildSettings = {
				ASSETCATALOG_COMPILER_APPICON_NAME = AppIcon;
				ASSETCATALOG_COMPILER_GLOBAL_ACCENT_COLOR_NAME = AccentColor;
				CODE_SIGN_STYLE = Automatic;
				CURRENT_PROJECT_VERSION = 1;
				GENERATE_INFOPLIST_FILE = YES;
				INFOPLIST_FILE = "Sat Lav - Public Toilet Finder/Info.plist";
				INFOPLIST_KEY_UIApplicationSupportsIndirectInputEvents = YES;
				INFOPLIST_KEY_UILaunchStoryboardName = LaunchScreen;
				INFOPLIST_KEY_UIMainStoryboardFile = Main;
				INFOPLIST_KEY_UISupportedInterfaceOrientations_iPad = "UIInterfaceOrientationPortrait UIInterfaceOrientationPortraitUpsideDown UIInterfaceOrientationLandscapeLeft UIInterfaceOrientationLandscapeRight";
				INFOPLIST_KEY_UISupportedInterfaceOrientations_iPhone = "UIInterfaceOrientationPortrait UIInterfaceOrientationLandscapeLeft UIInterfaceOrientationLandscapeRight";
				LD_RUNPATH_SEARCH_PATHS = (
					"$(inherited)",
					"@executable_path/Frameworks",
				);
				MARKETING_VERSION = 1.0;
				PRODUCT_BUNDLE_IDENTIFIER = "com.martin.apps.Sat-Lav---Public-Toilet-Finder";
				PRODUCT_NAME = "$(TARGET_NAME)";
				SWIFT_EMIT_LOC_STRINGS = YES;
				SWIFT_VERSION = 5.0;
				TARGETED_DEVICE_FAMILY = "1,2";
			};
			name = Release;
		};
		5CB652EE2CF7A81D008680CC /* Debug */ = {
			isa = XCBuildConfiguration;
			buildSettings = {
				ALWAYS_SEARCH_USER_PATHS = NO;
				ASSETCATALOG_COMPILER_GENERATE_SWIFT_ASSET_SYMBOL_EXTENSIONS = YES;
				CLANG_ANALYZER_NONNULL = YES;
				CLANG_ANALYZER_NUMBER_OBJECT_CONVERSION = YES_AGGRESSIVE;
				CLANG_CXX_LANGUAGE_STANDARD = "gnu++20";
				CLANG_ENABLE_MODULES = YES;
				CLANG_ENABLE_OBJC_ARC = YES;
				CLANG_ENABLE_OBJC_WEAK = YES;
				CLANG_WARN_BLOCK_CAPTURE_AUTORELEASING = YES;
				CLANG_WARN_BOOL_CONVERSION = YES;
				CLANG_WARN_COMMA = YES;
				CLANG_WARN_CONSTANT_CONVERSION = YES;
				CLANG_WARN_DEPRECATED_OBJC_IMPLEMENTATIONS = YES;
				CLANG_WARN_DIRECT_OBJC_ISA_USAGE = YES_ERROR;
				CLANG_WARN_DOCUMENTATION_COMMENTS = YES;
				CLANG_WARN_EMPTY_BODY = YES;
				CLANG_WARN_ENUM_CONVERSION = YES;
				CLANG_WARN_INFINITE_RECURSION = YES;
				CLANG_WARN_INT_CONVERSION = YES;
				CLANG_WARN_NON_LITERAL_NULL_CONVERSION = YES;
				CLANG_WARN_OBJC_IMPLICIT_RETAIN_SELF = YES;
				CLANG_WARN_OBJC_LITERAL_CONVERSION = YES;
				CLANG_WARN_OBJC_ROOT_CLASS = YES_ERROR;
				CLANG_WARN_QUOTED_INCLUDE_IN_FRAMEWORK_HEADER = YES;
				CLANG_WARN_RANGE_LOOP_ANALYSIS = YES;
				CLANG_WARN_STRICT_PROTOTYPES = YES;
				CLANG_WARN_SUSPICIOUS_MOVE = YES;
				CLANG_WARN_UNGUARDED_AVAILABILITY = YES_AGGRESSIVE;
				CLANG_WARN_UNREACHABLE_CODE = YES;
				CLANG_WARN__DUPLICATE_METHOD_MATCH = YES;
				COPY_PHASE_STRIP = NO;
				DEBUG_INFORMATION_FORMAT = dwarf;
				ENABLE_STRICT_OBJC_MSGSEND = YES;
				ENABLE_TESTABILITY = YES;
				ENABLE_USER_SCRIPT_SANDBOXING = YES;
				GCC_C_LANGUAGE_STANDARD = gnu17;
				GCC_DYNAMIC_NO_PIC = NO;
				GCC_NO_COMMON_BLOCKS = YES;
				GCC_OPTIMIZATION_LEVEL = 0;
				GCC_PREPROCESSOR_DEFINITIONS = (
					"DEBUG=1",
					"$(inherited)",
				);
				GCC_WARN_64_TO_32_BIT_CONVERSION = YES;
				GCC_WARN_ABOUT_RETURN_TYPE = YES_ERROR;
				GCC_WARN_UNDECLARED_SELECTOR = YES;
				GCC_WARN_UNINITIALIZED_AUTOS = YES_AGGRESSIVE;
				GCC_WARN_UNUSED_FUNCTION = YES;
				GCC_WARN_UNUSED_VARIABLE = YES;
				IPHONEOS_DEPLOYMENT_TARGET = 18.1;
				LOCALIZATION_PREFERS_STRING_CATALOGS = YES;
				MTL_ENABLE_DEBUG_INFO = INCLUDE_SOURCE;
				MTL_FAST_MATH = YES;
				ONLY_ACTIVE_ARCH = YES;
				SDKROOT = iphoneos;
				SWIFT_ACTIVE_COMPILATION_CONDITIONS = "DEBUG $(inherited)";
				SWIFT_OPTIMIZATION_LEVEL = "-Onone";
			};
			name = Debug;
		};
		5CB652EF2CF7A81D008680CC /* Release */ = {
			isa = XCBuildConfiguration;
			buildSettings = {
				ALWAYS_SEARCH_USER_PATHS = NO;
				ASSETCATALOG_COMPILER_GENERATE_SWIFT_ASSET_SYMBOL_EXTENSIONS = YES;
				CLANG_ANALYZER_NONNULL = YES;
				CLANG_ANALYZER_NUMBER_OBJECT_CONVERSION = YES_AGGRESSIVE;
				CLANG_CXX_LANGUAGE_STANDARD = "gnu++20";
				CLANG_ENABLE_MODULES = YES;
				CLANG_ENABLE_OBJC_ARC = YES;
				CLANG_ENABLE_OBJC_WEAK = YES;
				CLANG_WARN_BLOCK_CAPTURE_AUTORELEASING = YES;
				CLANG_WARN_BOOL_CONVERSION = YES;
				CLANG_WARN_COMMA = YES;
				CLANG_WARN_CONSTANT_CONVERSION = YES;
				CLANG_WARN_DEPRECATED_OBJC_IMPLEMENTATIONS = YES;
				CLANG_WARN_DIRECT_OBJC_ISA_USAGE = YES_ERROR;
				CLANG_WARN_DOCUMENTATION_COMMENTS = YES;
				CLANG_WARN_EMPTY_BODY = YES;
				CLANG_WARN_ENUM_CONVERSION = YES;
				CLANG_WARN_INFINITE_RECURSION = YES;
				CLANG_WARN_INT_CONVERSION = YES;
				CLANG_WARN_NON_LITERAL_NULL_CONVERSION = YES;
				CLANG_WARN_OBJC_IMPLICIT_RETAIN_SELF = YES;
				CLANG_WARN_OBJC_LITERAL_CONVERSION = YES;
				CLANG_WARN_OBJC_ROOT_CLASS = YES_ERROR;
				CLANG_WARN_QUOTED_INCLUDE_IN_FRAMEWORK_HEADER = YES;
				CLANG_WARN_RANGE_LOOP_ANALYSIS = YES;
				CLANG_WARN_STRICT_PROTOTYPES = YES;
				CLANG_WARN_SUSPICIOUS_MOVE = YES;
				CLANG_WARN_UNGUARDED_AVAILABILITY = YES_AGGRESSIVE;
				CLANG_WARN_UNREACHABLE_CODE = YES;
				CLANG_WARN__DUPLICATE_METHOD_MATCH = YES;
				COPY_PHASE_STRIP = NO;
				DEBUG_INFORMATION_FORMAT = "dwarf-with-dsym";
				ENABLE_NS_ASSERTIONS = NO;
				ENABLE_STRICT_OBJC_MSGSEND = YES;
				ENABLE_USER_SCRIPT_SANDBOXING = YES;
				GCC_C_LANGUAGE_STANDARD = gnu17;
				GCC_NO_COMMON_BLOCKS = YES;
				GCC_WARN_64_TO_32_BIT_CONVERSION = YES;
				GCC_WARN_ABOUT_RETURN_TYPE = YES_ERROR;
				GCC_WARN_UNDECLARED_SELECTOR = YES;
				GCC_WARN_UNINITIALIZED_AUTOS = YES_AGGRESSIVE;
				GCC_WARN_UNUSED_FUNCTION = YES;
				GCC_WARN_UNUSED_VARIABLE = YES;
				IPHONEOS_DEPLOYMENT_TARGET = 18.1;
				LOCALIZATION_PREFERS_STRING_CATALOGS = YES;
				MTL_ENABLE_DEBUG_INFO = NO;
				MTL_FAST_MATH = YES;
				SDKROOT = iphoneos;
				SWIFT_COMPILATION_MODE = wholemodule;
				VALIDATE_PRODUCT = YES;
			};
			name = Release;
		};
		5CB652F12CF7A81D008680CC /* Debug */ = {
			isa = XCBuildConfiguration;
			buildSettings = {
				BUNDLE_LOADER = "$(TEST_HOST)";
				CODE_SIGN_STYLE = Automatic;
				CURRENT_PROJECT_VERSION = 1;
				GENERATE_INFOPLIST_FILE = YES;
				IPHONEOS_DEPLOYMENT_TARGET = 18.1;
				MARKETING_VERSION = 1.0;
				PRODUCT_BUNDLE_IDENTIFIER = "com.martin.apps.Sat-Lav---Public-Toilet-FinderTests";
				PRODUCT_NAME = "$(TARGET_NAME)";
				SWIFT_EMIT_LOC_STRINGS = NO;
				SWIFT_VERSION = 5.0;
				TARGETED_DEVICE_FAMILY = "1,2";
				TEST_HOST = "$(BUILT_PRODUCTS_DIR)/Sat Lav - Public Toilet Finder.app/$(BUNDLE_EXECUTABLE_FOLDER_PATH)/Sat Lav - Public Toilet Finder";
			};
			name = Debug;
		};
		5CB652F22CF7A81D008680CC /* Release */ = {
			isa = XCBuildConfiguration;
			buildSettings = {
				BUNDLE_LOADER = "$(TEST_HOST)";
				CODE_SIGN_STYLE = Automatic;
				CURRENT_PROJECT_VERSION = 1;
				GENERATE_INFOPLIST_FILE = YES;
				IPHONEOS_DEPLOYMENT_TARGET = 18.1;
				MARKETING_VERSION = 1.0;
				PRODUCT_BUNDLE_IDENTIFIER = "com.martin.apps.Sat-Lav---Public-Toilet-FinderTests";
				PRODUCT_NAME = "$(TARGET_NAME)";
				SWIFT_EMIT_LOC_STRINGS = NO;
				SWIFT_VERSION = 5.0;
				TARGETED_DEVICE_FAMILY = "1,2";
				TEST_HOST = "$(BUILT_PRODUCTS_DIR)/Sat Lav - Public Toilet Finder.app/$(BUNDLE_EXECUTABLE_FOLDER_PATH)/Sat Lav - Public Toilet Finder";
			};
			name = Release;
		};
		5CB652F42CF7A81D008680CC /* Debug */ = {
			isa = XCBuildConfiguration;
			buildSettings = {
				CODE_SIGN_STYLE = Automatic;
				CURRENT_PROJECT_VERSION = 1;
				GENERATE_INFOPLIST_FILE = YES;
				MARKETING_VERSION = 1.0;
				PRODUCT_BUNDLE_IDENTIFIER = "com.martin.apps.Sat-Lav---Public-Toilet-FinderUITests";
				PRODUCT_NAME = "$(TARGET_NAME)";
				SWIFT_EMIT_LOC_STRINGS = NO;
				SWIFT_VERSION = 5.0;
				TARGETED_DEVICE_FAMILY = "1,2";
				TEST_TARGET_NAME = "Sat Lav - Public Toilet Finder";
			};
			name = Debug;
		};
		5CB652F52CF7A81D008680CC /* Release */ = {
			isa = XCBuildConfiguration;
			buildSettings = {
				CODE_SIGN_STYLE = Automatic;
				CURRENT_PROJECT_VERSION = 1;
				GENERATE_INFOPLIST_FILE = YES;
				MARKETING_VERSION = 1.0;
				PRODUCT_BUNDLE_IDENTIFIER = "com.martin.apps.Sat-Lav---Public-Toilet-FinderUITests";
				PRODUCT_NAME = "$(TARGET_NAME)";
				SWIFT_EMIT_LOC_STRINGS = NO;
				SWIFT_VERSION = 5.0;
				TARGETED_DEVICE_FAMILY = "1,2";
				TEST_TARGET_NAME = "Sat Lav - Public Toilet Finder";
			};
			name = Release;
		};
/* End XCBuildConfiguration section */

/* Begin XCConfigurationList section */
		5CB652BD2CF7A81A008680CC /* Build configuration list for PBXProject "Sat Lav - Public Toilet Finder" */ = {
			isa = XCConfigurationList;
			buildConfigurations = (
				5CB652EE2CF7A81D008680CC /* Debug */,
				5CB652EF2CF7A81D008680CC /* Release */,
			);
			defaultConfigurationIsVisible = 0;
			defaultConfigurationName = Release;
		};
		5CB652EB2CF7A81D008680CC /* Build configuration list for PBXNativeTarget "Sat Lav - Public Toilet Finder" */ = {
			isa = XCConfigurationList;
			buildConfigurations = (
				5CB652EC2CF7A81D008680CC /* Debug */,
				5CB652ED2CF7A81D008680CC /* Release */,
			);
			defaultConfigurationIsVisible = 0;
			defaultConfigurationName = Release;
		};
		5CB652F02CF7A81D008680CC /* Build configuration list for PBXNativeTarget "Sat Lav - Public Toilet FinderTests" */ = {
			isa = XCConfigurationList;
			buildConfigurations = (
				5CB652F12CF7A81D008680CC /* Debug */,
				5CB652F22CF7A81D008680CC /* Release */,
			);
			defaultConfigurationIsVisible = 0;
			defaultConfigurationName = Release;
		};
		5CB652F32CF7A81D008680CC /* Build configuration list for PBXNativeTarget "Sat Lav - Public Toilet FinderUITests" */ = {
			isa = XCConfigurationList;
			buildConfigurations = (
				5CB652F42CF7A81D008680CC /* Debug */,
				5CB652F52CF7A81D008680CC /* Release */,
			);
			defaultConfigurationIsVisible = 0;
			defaultConfigurationName = Release;
		};
/* End XCConfigurationList section */
	};
	rootObject = 5CB652BA2CF7A81A008680CC /* Project object */;
}
